
Microsoft Visual Studio Solution File, Format Version 12.00
# Visual Studio Version 17
VisualStudioVersion = 17.13.35806.99
MinimumVisualStudioVersion = 10.0.40219.1
Project("{FAE04EC0-301F-11D3-BF4B-00C04F79EFBC}") = "OfficeManagementSystem.API", "OfficeManagementSystem.API\OfficeManagementSystem.API.csproj", "{0BF0892F-B134-4E59-A836-C397ED9AF431}"
EndProject
Project("{FAE04EC0-301F-11D3-BF4B-00C04F79EFBC}") = "OfficeManagementSystem.Application", "OfficeManagementSystem.Application\OfficeManagementSystem.Application.csproj", "{1D1F484B-DEDA-4572-BE69-34A750685233}"
EndProject
Project("{FAE04EC0-301F-11D3-BF4B-00C04F79EFBC}") = "OfficeManagementSystem.Domain", "OfficeManagementSystem.Domain\OfficeManagementSystem.Domain.csproj", "{9D6CA047-D7BD-4893-B120-F7DD8CDA878B}"
EndProject
Project("{FAE04EC0-301F-11D3-BF4B-00C04F79EFBC}") = "OfficeManagementSystem.Infrastructure", "OfficeManagementSystem.Infrastructure\OfficeManagementSystem.Infrastructure.csproj", "{71CF1809-BE84-472B-A6FC-DB43208290B0}"
EndProject
Global
	GlobalSection(SolutionConfigurationPlatforms) = preSolution
		Debug|Any CPU = Debug|Any CPU
		Debug|x64 = Debug|x64
		Debug|x86 = Debug|x86
		Release|Any CPU = Release|Any CPU
		Release|x64 = Release|x64
		Release|x86 = Release|x86
	EndGlobalSection
	GlobalSection(ProjectConfigurationPlatforms) = postSolution
		{0BF0892F-B134-4E59-A836-C397ED9AF431}.Debug|Any CPU.ActiveCfg = Debug|Any CPU
		{0BF0892F-B134-4E59-A836-C397ED9AF431}.Debug|Any CPU.Build.0 = Debug|Any CPU
		{0BF0892F-B134-4E59-A836-C397ED9AF431}.Debug|x64.ActiveCfg = Debug|Any CPU
		{0BF0892F-B134-4E59-A836-C397ED9AF431}.Debug|x64.Build.0 = Debug|Any CPU
		{0BF0892F-B134-4E59-A836-C397ED9AF431}.Debug|x86.ActiveCfg = Debug|Any CPU
		{0BF0892F-B134-4E59-A836-C397ED9AF431}.Debug|x86.Build.0 = Debug|Any CPU
		{0BF0892F-B134-4E59-A836-C397ED9AF431}.Release|Any CPU.ActiveCfg = Release|Any CPU
		{0BF0892F-B134-4E59-A836-C397ED9AF431}.Release|Any CPU.Build.0 = Release|Any CPU
		{0BF0892F-B134-4E59-A836-C397ED9AF431}.Release|x64.ActiveCfg = Release|Any CPU
		{0BF0892F-B134-4E59-A836-C397ED9AF431}.Release|x64.Build.0 = Release|Any CPU
		{0BF0892F-B134-4E59-A836-C397ED9AF431}.Release|x86.ActiveCfg = Release|Any CPU
		{0BF0892F-B134-4E59-A836-C397ED9AF431}.Release|x86.Build.0 = Release|Any CPU
		{1D1F484B-DEDA-4572-BE69-34A750685233}.Debug|Any CPU.ActiveCfg = Debug|Any CPU
		{1D1F484B-DEDA-4572-BE69-34A750685233}.Debug|Any CPU.Build.0 = Debug|Any CPU
		{1D1F484B-DEDA-4572-BE69-34A750685233}.Debug|x64.ActiveCfg = Debug|Any CPU
		{1D1F484B-DEDA-4572-BE69-34A750685233}.Debug|x64.Build.0 = Debug|Any CPU
		{1D1F484B-DEDA-4572-BE69-34A750685233}.Debug|x86.ActiveCfg = Debug|Any CPU
		{1D1F484B-DEDA-4572-BE69-34A750685233}.Debug|x86.Build.0 = Debug|Any CPU
		{1D1F484B-DEDA-4572-BE69-34A750685233}.Release|Any CPU.ActiveCfg = Release|Any CPU
		{1D1F484B-DEDA-4572-BE69-34A750685233}.Release|Any CPU.Build.0 = Release|Any CPU
		{1D1F484B-DEDA-4572-BE69-34A750685233}.Release|x64.ActiveCfg = Release|Any CPU
		{1D1F484B-DEDA-4572-BE69-34A750685233}.Release|x64.Build.0 = Release|Any CPU
		{1D1F484B-DEDA-4572-BE69-34A750685233}.Release|x86.ActiveCfg = Release|Any CPU
		{1D1F484B-DEDA-4572-BE69-34A750685233}.Release|x86.Build.0 = Release|Any CPU
		{9D6CA047-D7BD-4893-B120-F7DD8CDA878B}.Debug|Any CPU.ActiveCfg = Debug|Any CPU
		{9D6CA047-D7BD-4893-B120-F7DD8CDA878B}.Debug|Any CPU.Build.0 = Debug|Any CPU
		{9D6CA047-D7BD-4893-B120-F7DD8CDA878B}.Debug|x64.ActiveCfg = Debug|Any CPU
		{9D6CA047-D7BD-4893-B120-F7DD8CDA878B}.Debug|x64.Build.0 = Debug|Any CPU
		{9D6CA047-D7BD-4893-B120-F7DD8CDA878B}.Debug|x86.ActiveCfg = Debug|Any CPU
		{9D6CA047-D7BD-4893-B120-F7DD8CDA878B}.Debug|x86.Build.0 = Debug|Any CPU
		{9D6CA047-D7BD-4893-B120-F7DD8CDA878B}.Release|Any CPU.ActiveCfg = Release|Any CPU
		{9D6CA047-D7BD-4893-B120-F7DD8CDA878B}.Release|Any CPU.Build.0 = Release|Any CPU
		{9D6CA047-D7BD-4893-B120-F7DD8CDA878B}.Release|x64.ActiveCfg = Release|Any CPU
		{9D6CA047-D7BD-4893-B120-F7DD8CDA878B}.Release|x64.Build.0 = Release|Any CPU
		{9D6CA047-D7BD-4893-B120-F7DD8CDA878B}.Release|x86.ActiveCfg = Release|Any CPU
		{9D6CA047-D7BD-4893-B120-F7DD8CDA878B}.Release|x86.Build.0 = Release|Any CPU
		{71CF1809-BE84-472B-A6FC-DB43208290B0}.Debug|Any CPU.ActiveCfg = Debug|Any CPU
		{71CF1809-BE84-472B-A6FC-DB43208290B0}.Debug|Any CPU.Build.0 = Debug|Any CPU
		{71CF1809-BE84-472B-A6FC-DB43208290B0}.Debug|x64.ActiveCfg = Debug|Any CPU
		{71CF1809-BE84-472B-A6FC-DB43208290B0}.Debug|x64.Build.0 = Debug|Any CPU
		{71CF1809-BE84-472B-A6FC-DB43208290B0}.Debug|x86.ActiveCfg = Debug|Any CPU
		{71CF1809-BE84-472B-A6FC-DB43208290B0}.Debug|x86.Build.0 = Debug|Any CPU
		{71CF1809-BE84-472B-A6FC-DB43208290B0}.Release|Any CPU.ActiveCfg = Release|Any CPU
		{71CF1809-BE84-472B-A6FC-DB43208290B0}.Release|Any CPU.Build.0 = Release|Any CPU
		{71CF1809-BE84-472B-A6FC-DB43208290B0}.Release|x64.ActiveCfg = Release|Any CPU
		{71CF1809-BE84-472B-A6FC-DB43208290B0}.Release|x64.Build.0 = Release|Any CPU
		{71CF1809-BE84-472B-A6FC-DB43208290B0}.Release|x86.ActiveCfg = Release|Any CPU
		{71CF1809-BE84-472B-A6FC-DB43208290B0}.Release|x86.Build.0 = Release|Any CPU
	EndGlobalSection
	GlobalSection(SolutionProperties) = preSolution
		HideSolutionNode = FALSE
	EndGlobalSection
	GlobalSection(ExtensibilityGlobals) = postSolution
		SolutionGuid = {D4121BEC-D61B-4DBB-B83E-522EEED9D77F}
	EndGlobalSection
EndGlobal
